# This file is generated by running "yarn install" inside your project.
# Manual changes might be lost - proceed with caution!

__metadata:
  version: 6
  cacheKey: 8

"zenn-cli@npm:^0.1.133":
  version: 0.1.133
  resolution: "zenn-cli@npm:0.1.133"
  bin:
    zenn: dist/server/zenn.js
  checksum: 50722c6d1daafb365fbd76359d6d4e654dd795ac0ba705fa4a1afe9d4102cdfb39088c343bf52fc5922980d279c3ffd404cbc3f366f661d570a9e44bc3797e2d
  languageName: node
  linkType: hard

"zenn@workspace:.":
  version: 0.0.0-use.local
  resolution: "zenn@workspace:."
  dependencies:
    zenn-cli: ^0.1.133
  languageName: unknown
  linkType: soft
